# This file is @generated by PDM.
# It is not intended for manual editing.

[metadata]
groups = ["default"]
strategy = ["inherit_metadata"]
lock_version = "4.5.0"
content_hash = "sha256:c182c077a4a22878b3d658a6bdfcd3dd386577456c4b43df5b64e4eb7a11f5f0"

[[metadata.targets]]
requires_python = "==3.12.*"

[[package]]
name = "polars-lts-cpu"
version = "1.10.0"
requires_python = ">=3.9"
summary = "Blazingly fast DataFrame library"
groups = ["default"]
files = [
    {file = "polars_lts_cpu-1.10.0-cp39-abi3-macosx_10_12_x86_64.whl", hash = "sha256:c80b0ec61a5968a95b73df55e61a96b78929e2a40b7d877f480c561b63b6737c"},
    {file = "polars_lts_cpu-1.10.0-cp39-abi3-macosx_11_0_arm64.whl", hash = "sha256:2cf051fb36a6cc32e61da53d722f10e8e235b2f2e9f2c337a6e82f7c22c6ad1c"},
    {file = "polars_lts_cpu-1.10.0-cp39-abi3-manylinux_2_17_x86_64.manylinux2014_x86_64.whl", hash = "sha256:255b1c581ac2d1a780ce2fef265b4b218a5d9371f1a067fe547d1b8d1bc21ce0"},
    {file = "polars_lts_cpu-1.10.0-cp39-abi3-manylinux_2_24_aarch64.whl", hash = "sha256:c2e643cb570b05db9520b41b9ab0acdb580aa2e14aaffbe54600193894852042"},
    {file = "polars_lts_cpu-1.10.0-cp39-abi3-win_amd64.whl", hash = "sha256:adb10030c426538b6a152e833296de983f1c7f6aa7d76dd9701388fdb4ce2507"},
    {file = "polars_lts_cpu-1.10.0.tar.gz", hash = "sha256:ca48eec281fdd7d68665d64b4001bd06921e68ec492d9692d8093c2516e68b3f"},
]
